{
  "name": "hapi-boom-decorators",
  "version": "2.0.2",
  "dependencies": {
    "boom": {
      "version": "4.1.0",
      "from": "boom@>=4.1.0 <5.0.0",
      "resolved": "https://registry.npmjs.org/boom/-/boom-4.1.0.tgz"
    },
    "hoek": {
      "version": "4.1.0",
      "from": "hoek@>=4.0.0 <5.0.0",
      "resolved": "https://registry.npmjs.org/hoek/-/hoek-4.1.0.tgz"
    }
  }
}
