{
  "name": "hapi-boom-decorators",
  "version": "3.0.0",
  "lockfileVersion": 1,
  "requires": true,
  "dependencies": {
    "boom": {
      "version": "6.0.0",
      "resolved": "https://registry.npmjs.org/boom/-/boom-6.0.0.tgz",
      "integrity": "sha512-LYLa8BmiiOWjvxTMVh73lcZzd2E5yczrKvxAny1UuzO2tkarLrw4tdp3rdfmus3+YfKcZP0vRSM3Obh+fGK6eA==",
      "requires": {
        "hoek": "5.0.1"
      }
    },
    "hoek": {
      "version": "5.0.1",
      "resolved": "https://registry.npmjs.org/hoek/-/hoek-5.0.1.tgz",
      "integrity": "sha512-sZ2Et6jQxNCSShCUlPqzLNVD5bjWQxrCE6Bi4pgxcWaqIGk6dwdWszcJTn1qwrQLRwflxTaxfDX+QU3kioDuvw=="
    }
  }
}
