{
  "name": "hapi-boom-decorators",
  "version": "1.1.0",
  "dependencies": {
    "boom": {
      "version": "3.1.1",
      "from": "boom@>=3.1.1 <4.0.0",
      "resolved": "https://registry.npmjs.org/boom/-/boom-3.1.1.tgz",
      "dependencies": {
        "hoek": {
          "version": "3.0.4",
          "from": "hoek@>=3.0.0 <4.0.0",
          "resolved": "https://registry.npmjs.org/hoek/-/hoek-3.0.4.tgz"
        }
      }
    }
  }
}
